
Microsoft Visual Studio Solution File, Format Version 12.00
# Visual Studio Version 16
VisualStudioVersion = 16.0.29025.244
MinimumVisualStudioVersion = 10.0.40219.1
Project("{FAE04EC0-301F-11D3-BF4B-00C04F79EFBC}") = "TestSequence.Api", "TestSequence.Api\TestSequence.Api.csproj", "{843B63E8-8B56-4553-8DC8-A1A767E958D2}"
EndProject
Global
	GlobalSection(SolutionConfigurationPlatforms) = preSolution
		Debug|Any CPU = Debug|Any CPU
		Release|Any CPU = Release|Any CPU
	EndGlobalSection
	GlobalSection(ProjectConfigurationPlatforms) = postSolution
		{843B63E8-8B56-4553-8DC8-A1A767E958D2}.Debug|Any CPU.ActiveCfg = Debug|Any CPU
		{843B63E8-8B56-4553-8DC8-A1A767E958D2}.Debug|Any CPU.Build.0 = Debug|Any CPU
		{843B63E8-8B56-4553-8DC8-A1A767E958D2}.Release|Any CPU.ActiveCfg = Release|Any CPU
		{843B63E8-8B56-4553-8DC8-A1A767E958D2}.Release|Any CPU.Build.0 = Release|Any CPU
	EndGlobalSection
	GlobalSection(SolutionProperties) = preSolution
		HideSolutionNode = FALSE
	EndGlobalSection
	GlobalSection(ExtensibilityGlobals) = postSolution
		SolutionGuid = {B02307D6-6CF3-47DB-8ABB-0EE44FA6952B}
	EndGlobalSection
EndGlobal
